
Microsoft Visual Studio Solution File, Format Version 12.00
# Visual Studio Version 17
VisualStudioVersion = 17.5.33627.172
MinimumVisualStudioVersion = 10.0.40219.1
Project("{9A19103F-16F7-4668-BE54-9A1E7A4F7556}") = "AdditionMathProblems", "AdditionMathProblems\AdditionMathProblems.csproj", "{FA4265D6-6336-4A70-AA09-64B05AAE809A}"
EndProject
Project("{9A19103F-16F7-4668-BE54-9A1E7A4F7556}") = "AdditionMathProblemsAPI", "AdditionMathProblemsAPI\AdditionMathProblemsAPI.csproj", "{CD927222-F79E-4CB2-BC4A-20B451BABE82}"
EndProject
Project("{9A19103F-16F7-4668-BE54-9A1E7A4F7556}") = "AdditionAPI", "AdditionAPI\AdditionAPI.csproj", "{EB3F4102-B382-43EC-816C-C71C3FA5CDE1}"
EndProject
Global
	GlobalSection(SolutionConfigurationPlatforms) = preSolution
		Debug|Any CPU = Debug|Any CPU
		Release|Any CPU = Release|Any CPU
	EndGlobalSection
	GlobalSection(ProjectConfigurationPlatforms) = postSolution
		{FA4265D6-6336-4A70-AA09-64B05AAE809A}.Debug|Any CPU.ActiveCfg = Debug|Any CPU
		{FA4265D6-6336-4A70-AA09-64B05AAE809A}.Debug|Any CPU.Build.0 = Debug|Any CPU
		{FA4265D6-6336-4A70-AA09-64B05AAE809A}.Release|Any CPU.ActiveCfg = Release|Any CPU
		{FA4265D6-6336-4A70-AA09-64B05AAE809A}.Release|Any CPU.Build.0 = Release|Any CPU
		{CD927222-F79E-4CB2-BC4A-20B451BABE82}.Debug|Any CPU.ActiveCfg = Debug|Any CPU
		{CD927222-F79E-4CB2-BC4A-20B451BABE82}.Debug|Any CPU.Build.0 = Debug|Any CPU
		{CD927222-F79E-4CB2-BC4A-20B451BABE82}.Release|Any CPU.ActiveCfg = Release|Any CPU
		{CD927222-F79E-4CB2-BC4A-20B451BABE82}.Release|Any CPU.Build.0 = Release|Any CPU
		{EB3F4102-B382-43EC-816C-C71C3FA5CDE1}.Debug|Any CPU.ActiveCfg = Debug|Any CPU
		{EB3F4102-B382-43EC-816C-C71C3FA5CDE1}.Debug|Any CPU.Build.0 = Debug|Any CPU
		{EB3F4102-B382-43EC-816C-C71C3FA5CDE1}.Release|Any CPU.ActiveCfg = Release|Any CPU
		{EB3F4102-B382-43EC-816C-C71C3FA5CDE1}.Release|Any CPU.Build.0 = Release|Any CPU
	EndGlobalSection
	GlobalSection(SolutionProperties) = preSolution
		HideSolutionNode = FALSE
	EndGlobalSection
	GlobalSection(ExtensibilityGlobals) = postSolution
		SolutionGuid = {073846B7-55EA-44E8-AA39-AC844EF13C6C}
	EndGlobalSection
EndGlobal
